
Microsoft Visual Studio Solution File, Format Version 12.00
# Visual Studio Version 16
VisualStudioVersion = 16.0.30104.148
MinimumVisualStudioVersion = 10.0.40219.1
Project("{9A19103F-16F7-4668-BE54-9A1E7A4F7556}") = "cgmv", "cgmv\cgmv.csproj", "{01664925-5BC8-4BE0-9598-116D59EFEC72}"
EndProject
Project("{FAE04EC0-301F-11D3-BF4B-00C04F79EFBC}") = "cgmv.test", "cgmv-test\cgmv.test.csproj", "{86870023-978B-491A-9CB0-8186B05D7508}"
EndProject
Global
	GlobalSection(SolutionConfigurationPlatforms) = preSolution
		Debug|Any CPU = Debug|Any CPU
		Release|Any CPU = Release|Any CPU
	EndGlobalSection
	GlobalSection(ProjectConfigurationPlatforms) = postSolution
		{01664925-5BC8-4BE0-9598-116D59EFEC72}.Debug|Any CPU.ActiveCfg = Debug|Any CPU
		{01664925-5BC8-4BE0-9598-116D59EFEC72}.Debug|Any CPU.Build.0 = Debug|Any CPU
		{01664925-5BC8-4BE0-9598-116D59EFEC72}.Release|Any CPU.ActiveCfg = Release|Any CPU
		{01664925-5BC8-4BE0-9598-116D59EFEC72}.Release|Any CPU.Build.0 = Release|Any CPU
		{86870023-978B-491A-9CB0-8186B05D7508}.Debug|Any CPU.ActiveCfg = Debug|Any CPU
		{86870023-978B-491A-9CB0-8186B05D7508}.Debug|Any CPU.Build.0 = Debug|Any CPU
		{86870023-978B-491A-9CB0-8186B05D7508}.Release|Any CPU.ActiveCfg = Release|Any CPU
		{86870023-978B-491A-9CB0-8186B05D7508}.Release|Any CPU.Build.0 = Release|Any CPU
	EndGlobalSection
	GlobalSection(SolutionProperties) = preSolution
		HideSolutionNode = FALSE
	EndGlobalSection
	GlobalSection(ExtensibilityGlobals) = postSolution
		SolutionGuid = {35A3B90E-CF4D-4B40-95C9-D65A2B10193A}
	EndGlobalSection
EndGlobal
